
Microsoft Visual Studio Solution File, Format Version 12.00
# Visual Studio Version 17
VisualStudioVersion = 17.13.35931.197 d17.13
MinimumVisualStudioVersion = 10.0.40219.1
Project("{FAE04EC0-301F-11D3-BF4B-00C04F79EFBC}") = "Revit_Addin_Development", "Revit_Addin_Development.csproj", "{AAE5086E-01C9-4EF7-8EAC-1C43F1D101A2}"
EndProject
Global
	GlobalSection(SolutionConfigurationPlatforms) = preSolution
		Debug|Any CPU = Debug|Any CPU
		Release|Any CPU = Release|Any CPU
	EndGlobalSection
	GlobalSection(ProjectConfigurationPlatforms) = postSolution
		{AAE5086E-01C9-4EF7-8EAC-1C43F1D101A2}.Debug|Any CPU.ActiveCfg = Debug|Any CPU
		{AAE5086E-01C9-4EF7-8EAC-1C43F1D101A2}.Debug|Any CPU.Build.0 = Debug|Any CPU
		{AAE5086E-01C9-4EF7-8EAC-1C43F1D101A2}.Release|Any CPU.ActiveCfg = Release|Any CPU
		{AAE5086E-01C9-4EF7-8EAC-1C43F1D101A2}.Release|Any CPU.Build.0 = Release|Any CPU
	EndGlobalSection
	GlobalSection(SolutionProperties) = preSolution
		HideSolutionNode = FALSE
	EndGlobalSection
	GlobalSection(ExtensibilityGlobals) = postSolution
		SolutionGuid = {28D18B0A-4177-49EE-BDA8-3781252F6D01}
	EndGlobalSection
EndGlobal
